
Microsoft Visual Studio Solution File, Format Version 12.00
# Visual Studio Version 17
VisualStudioVersion = 17.0.31903.59
MinimumVisualStudioVersion = 10.0.40219.1
Project("{2150E333-8FDC-42A3-9474-1A3956D46DE8}") = "src", "src", "{827E0CD3-B72D-47B6-A68D-7590B98EB39B}"
EndProject
Project("{FAE04EC0-301F-11D3-BF4B-00C04F79EFBC}") = "AIPMS.Api", "src\AIPMS.Api\AIPMS.Api.csproj", "{693448AC-3562-4333-A9ED-8000A0AD5EBB}"
EndProject
Project("{FAE04EC0-301F-11D3-BF4B-00C04F79EFBC}") = "AIPMS.Application", "src\AIPMS.Application\AIPMS.Application.csproj", "{20B1B302-EF3A-43BB-9351-F7ACC1856108}"
EndProject
Project("{FAE04EC0-301F-11D3-BF4B-00C04F79EFBC}") = "AIPMS.Domain", "src\AIPMS.Domain\AIPMS.Domain.csproj", "{13581406-141C-4474-A9BF-58730EE52409}"
EndProject
Project("{FAE04EC0-301F-11D3-BF4B-00C04F79EFBC}") = "AIPMS.Infrastructure", "src\AIPMS.Infrastructure\AIPMS.Infrastructure.csproj", "{9DBD26D0-9C1E-4BCB-BC7A-A0F84E974B31}"
EndProject
Project("{FAE04EC0-301F-11D3-BF4B-00C04F79EFBC}") = "AIPMS.AI", "src\AIPMS.AI\AIPMS.AI.csproj", "{23951C79-207A-4DCC-9B1B-96D54FA1C2FA}"
EndProject
Project("{2150E333-8FDC-42A3-9474-1A3956D46DE8}") = "tests", "tests", "{0AB3BF05-4346-4AA6-1389-037BE0695223}"
EndProject
Project("{FAE04EC0-301F-11D3-BF4B-00C04F79EFBC}") = "AIPMS.UnitTests", "tests\AIPMS.UnitTests\AIPMS.UnitTests.csproj", "{B3CFAFFC-4A5A-4E32-A5C7-2DFFFA2216A5}"
EndProject
Project("{FAE04EC0-301F-11D3-BF4B-00C04F79EFBC}") = "AIPMS.IntegrationTests", "tests\AIPMS.IntegrationTests\AIPMS.IntegrationTests.csproj", "{925F6ACE-3332-453D-B1BB-F50BF6B93A74}"
EndProject
Global
	GlobalSection(SolutionConfigurationPlatforms) = preSolution
		Debug|Any CPU = Debug|Any CPU
		Debug|x64 = Debug|x64
		Debug|x86 = Debug|x86
		Release|Any CPU = Release|Any CPU
		Release|x64 = Release|x64
		Release|x86 = Release|x86
	EndGlobalSection
	GlobalSection(ProjectConfigurationPlatforms) = postSolution
		{693448AC-3562-4333-A9ED-8000A0AD5EBB}.Debug|Any CPU.ActiveCfg = Debug|Any CPU
		{693448AC-3562-4333-A9ED-8000A0AD5EBB}.Debug|Any CPU.Build.0 = Debug|Any CPU
		{693448AC-3562-4333-A9ED-8000A0AD5EBB}.Debug|x64.ActiveCfg = Debug|Any CPU
		{693448AC-3562-4333-A9ED-8000A0AD5EBB}.Debug|x64.Build.0 = Debug|Any CPU
		{693448AC-3562-4333-A9ED-8000A0AD5EBB}.Debug|x86.ActiveCfg = Debug|Any CPU
		{693448AC-3562-4333-A9ED-8000A0AD5EBB}.Debug|x86.Build.0 = Debug|Any CPU
		{693448AC-3562-4333-A9ED-8000A0AD5EBB}.Release|Any CPU.ActiveCfg = Release|Any CPU
		{693448AC-3562-4333-A9ED-8000A0AD5EBB}.Release|Any CPU.Build.0 = Release|Any CPU
		{693448AC-3562-4333-A9ED-8000A0AD5EBB}.Release|x64.ActiveCfg = Release|Any CPU
		{693448AC-3562-4333-A9ED-8000A0AD5EBB}.Release|x64.Build.0 = Release|Any CPU
		{693448AC-3562-4333-A9ED-8000A0AD5EBB}.Release|x86.ActiveCfg = Release|Any CPU
		{693448AC-3562-4333-A9ED-8000A0AD5EBB}.Release|x86.Build.0 = Release|Any CPU
		{20B1B302-EF3A-43BB-9351-F7ACC1856108}.Debug|Any CPU.ActiveCfg = Debug|Any CPU
		{20B1B302-EF3A-43BB-9351-F7ACC1856108}.Debug|Any CPU.Build.0 = Debug|Any CPU
		{20B1B302-EF3A-43BB-9351-F7ACC1856108}.Debug|x64.ActiveCfg = Debug|Any CPU
		{20B1B302-EF3A-43BB-9351-F7ACC1856108}.Debug|x64.Build.0 = Debug|Any CPU
		{20B1B302-EF3A-43BB-9351-F7ACC1856108}.Debug|x86.ActiveCfg = Debug|Any CPU
		{20B1B302-EF3A-43BB-9351-F7ACC1856108}.Debug|x86.Build.0 = Debug|Any CPU
		{20B1B302-EF3A-43BB-9351-F7ACC1856108}.Release|Any CPU.ActiveCfg = Release|Any CPU
		{20B1B302-EF3A-43BB-9351-F7ACC1856108}.Release|Any CPU.Build.0 = Release|Any CPU
		{20B1B302-EF3A-43BB-9351-F7ACC1856108}.Release|x64.ActiveCfg = Release|Any CPU
		{20B1B302-EF3A-43BB-9351-F7ACC1856108}.Release|x64.Build.0 = Release|Any CPU
		{20B1B302-EF3A-43BB-9351-F7ACC1856108}.Release|x86.ActiveCfg = Release|Any CPU
		{20B1B302-EF3A-43BB-9351-F7ACC1856108}.Release|x86.Build.0 = Release|Any CPU
		{13581406-141C-4474-A9BF-58730EE52409}.Debug|Any CPU.ActiveCfg = Debug|Any CPU
		{13581406-141C-4474-A9BF-58730EE52409}.Debug|Any CPU.Build.0 = Debug|Any CPU
		{13581406-141C-4474-A9BF-58730EE52409}.Debug|x64.ActiveCfg = Debug|Any CPU
		{13581406-141C-4474-A9BF-58730EE52409}.Debug|x64.Build.0 = Debug|Any CPU
		{13581406-141C-4474-A9BF-58730EE52409}.Debug|x86.ActiveCfg = Debug|Any CPU
		{13581406-141C-4474-A9BF-58730EE52409}.Debug|x86.Build.0 = Debug|Any CPU
		{13581406-141C-4474-A9BF-58730EE52409}.Release|Any CPU.ActiveCfg = Release|Any CPU
		{13581406-141C-4474-A9BF-58730EE52409}.Release|Any CPU.Build.0 = Release|Any CPU
		{13581406-141C-4474-A9BF-58730EE52409}.Release|x64.ActiveCfg = Release|Any CPU
		{13581406-141C-4474-A9BF-58730EE52409}.Release|x64.Build.0 = Release|Any CPU
		{13581406-141C-4474-A9BF-58730EE52409}.Release|x86.ActiveCfg = Release|Any CPU
		{13581406-141C-4474-A9BF-58730EE52409}.Release|x86.Build.0 = Release|Any CPU
		{9DBD26D0-9C1E-4BCB-BC7A-A0F84E974B31}.Debug|Any CPU.ActiveCfg = Debug|Any CPU
		{9DBD26D0-9C1E-4BCB-BC7A-A0F84E974B31}.Debug|Any CPU.Build.0 = Debug|Any CPU
		{9DBD26D0-9C1E-4BCB-BC7A-A0F84E974B31}.Debug|x64.ActiveCfg = Debug|Any CPU
		{9DBD26D0-9C1E-4BCB-BC7A-A0F84E974B31}.Debug|x64.Build.0 = Debug|Any CPU
		{9DBD26D0-9C1E-4BCB-BC7A-A0F84E974B31}.Debug|x86.ActiveCfg = Debug|Any CPU
		{9DBD26D0-9C1E-4BCB-BC7A-A0F84E974B31}.Debug|x86.Build.0 = Debug|Any CPU
		{9DBD26D0-9C1E-4BCB-BC7A-A0F84E974B31}.Release|Any CPU.ActiveCfg = Release|Any CPU
		{9DBD26D0-9C1E-4BCB-BC7A-A0F84E974B31}.Release|Any CPU.Build.0 = Release|Any CPU
		{9DBD26D0-9C1E-4BCB-BC7A-A0F84E974B31}.Release|x64.ActiveCfg = Release|Any CPU
		{9DBD26D0-9C1E-4BCB-BC7A-A0F84E974B31}.Release|x64.Build.0 = Release|Any CPU
		{9DBD26D0-9C1E-4BCB-BC7A-A0F84E974B31}.Release|x86.ActiveCfg = Release|Any CPU
		{9DBD26D0-9C1E-4BCB-BC7A-A0F84E974B31}.Release|x86.Build.0 = Release|Any CPU
		{23951C79-207A-4DCC-9B1B-96D54FA1C2FA}.Debug|Any CPU.ActiveCfg = Debug|Any CPU
		{23951C79-207A-4DCC-9B1B-96D54FA1C2FA}.Debug|Any CPU.Build.0 = Debug|Any CPU
		{23951C79-207A-4DCC-9B1B-96D54FA1C2FA}.Debug|x64.ActiveCfg = Debug|Any CPU
		{23951C79-207A-4DCC-9B1B-96D54FA1C2FA}.Debug|x64.Build.0 = Debug|Any CPU
		{23951C79-207A-4DCC-9B1B-96D54FA1C2FA}.Debug|x86.ActiveCfg = Debug|Any CPU
		{23951C79-207A-4DCC-9B1B-96D54FA1C2FA}.Debug|x86.Build.0 = Debug|Any CPU
		{23951C79-207A-4DCC-9B1B-96D54FA1C2FA}.Release|Any CPU.ActiveCfg = Release|Any CPU
		{23951C79-207A-4DCC-9B1B-96D54FA1C2FA}.Release|Any CPU.Build.0 = Release|Any CPU
		{23951C79-207A-4DCC-9B1B-96D54FA1C2FA}.Release|x64.ActiveCfg = Release|Any CPU
		{23951C79-207A-4DCC-9B1B-96D54FA1C2FA}.Release|x64.Build.0 = Release|Any CPU
		{23951C79-207A-4DCC-9B1B-96D54FA1C2FA}.Release|x86.ActiveCfg = Release|Any CPU
		{23951C79-207A-4DCC-9B1B-96D54FA1C2FA}.Release|x86.Build.0 = Release|Any CPU
		{B3CFAFFC-4A5A-4E32-A5C7-2DFFFA2216A5}.Debug|Any CPU.ActiveCfg = Debug|Any CPU
		{B3CFAFFC-4A5A-4E32-A5C7-2DFFFA2216A5}.Debug|Any CPU.Build.0 = Debug|Any CPU
		{B3CFAFFC-4A5A-4E32-A5C7-2DFFFA2216A5}.Debug|x64.ActiveCfg = Debug|Any CPU
		{B3CFAFFC-4A5A-4E32-A5C7-2DFFFA2216A5}.Debug|x64.Build.0 = Debug|Any CPU
		{B3CFAFFC-4A5A-4E32-A5C7-2DFFFA2216A5}.Debug|x86.ActiveCfg = Debug|Any CPU
		{B3CFAFFC-4A5A-4E32-A5C7-2DFFFA2216A5}.Debug|x86.Build.0 = Debug|Any CPU
		{B3CFAFFC-4A5A-4E32-A5C7-2DFFFA2216A5}.Release|Any CPU.ActiveCfg = Release|Any CPU
		{B3CFAFFC-4A5A-4E32-A5C7-2DFFFA2216A5}.Release|Any CPU.Build.0 = Release|Any CPU
		{B3CFAFFC-4A5A-4E32-A5C7-2DFFFA2216A5}.Release|x64.ActiveCfg = Release|Any CPU
		{B3CFAFFC-4A5A-4E32-A5C7-2DFFFA2216A5}.Release|x64.Build.0 = Release|Any CPU
		{B3CFAFFC-4A5A-4E32-A5C7-2DFFFA2216A5}.Release|x86.ActiveCfg = Release|Any CPU
		{B3CFAFFC-4A5A-4E32-A5C7-2DFFFA2216A5}.Release|x86.Build.0 = Release|Any CPU
		{925F6ACE-3332-453D-B1BB-F50BF6B93A74}.Debug|Any CPU.ActiveCfg = Debug|Any CPU
		{925F6ACE-3332-453D-B1BB-F50BF6B93A74}.Debug|Any CPU.Build.0 = Debug|Any CPU
		{925F6ACE-3332-453D-B1BB-F50BF6B93A74}.Debug|x64.ActiveCfg = Debug|Any CPU
		{925F6ACE-3332-453D-B1BB-F50BF6B93A74}.Debug|x64.Build.0 = Debug|Any CPU
		{925F6ACE-3332-453D-B1BB-F50BF6B93A74}.Debug|x86.ActiveCfg = Debug|Any CPU
		{925F6ACE-3332-453D-B1BB-F50BF6B93A74}.Debug|x86.Build.0 = Debug|Any CPU
		{925F6ACE-3332-453D-B1BB-F50BF6B93A74}.Release|Any CPU.ActiveCfg = Release|Any CPU
		{925F6ACE-3332-453D-B1BB-F50BF6B93A74}.Release|Any CPU.Build.0 = Release|Any CPU
		{925F6ACE-3332-453D-B1BB-F50BF6B93A74}.Release|x64.ActiveCfg = Release|Any CPU
		{925F6ACE-3332-453D-B1BB-F50BF6B93A74}.Release|x64.Build.0 = Release|Any CPU
		{925F6ACE-3332-453D-B1BB-F50BF6B93A74}.Release|x86.ActiveCfg = Release|Any CPU
		{925F6ACE-3332-453D-B1BB-F50BF6B93A74}.Release|x86.Build.0 = Release|Any CPU
	EndGlobalSection
	GlobalSection(SolutionProperties) = preSolution
		HideSolutionNode = FALSE
	EndGlobalSection
	GlobalSection(NestedProjects) = preSolution
		{693448AC-3562-4333-A9ED-8000A0AD5EBB} = {827E0CD3-B72D-47B6-A68D-7590B98EB39B}
		{20B1B302-EF3A-43BB-9351-F7ACC1856108} = {827E0CD3-B72D-47B6-A68D-7590B98EB39B}
		{13581406-141C-4474-A9BF-58730EE52409} = {827E0CD3-B72D-47B6-A68D-7590B98EB39B}
		{9DBD26D0-9C1E-4BCB-BC7A-A0F84E974B31} = {827E0CD3-B72D-47B6-A68D-7590B98EB39B}
		{23951C79-207A-4DCC-9B1B-96D54FA1C2FA} = {827E0CD3-B72D-47B6-A68D-7590B98EB39B}
		{B3CFAFFC-4A5A-4E32-A5C7-2DFFFA2216A5} = {0AB3BF05-4346-4AA6-1389-037BE0695223}
		{925F6ACE-3332-453D-B1BB-F50BF6B93A74} = {0AB3BF05-4346-4AA6-1389-037BE0695223}
	EndGlobalSection
EndGlobal
